
Microsoft Visual Studio Solution File, Format Version 12.00
# Visual Studio Version 16
VisualStudioVersion = 16.0.31112.23
MinimumVisualStudioVersion = 10.0.40219.1
Project("{FAE04EC0-301F-11D3-BF4B-00C04F79EFBC}") = "WebApplication", "WebApplication.csproj", "{CE8670FE-ED54-416D-80CE-69D844FDB44B}"
EndProject
Global
	GlobalSection(SolutionConfigurationPlatforms) = preSolution
		Debug|Any CPU = Debug|Any CPU
		Release|Any CPU = Release|Any CPU
	EndGlobalSection
	GlobalSection(ProjectConfigurationPlatforms) = postSolution
		{CE8670FE-ED54-416D-80CE-69D844FDB44B}.Debug|Any CPU.ActiveCfg = Debug|Any CPU
		{CE8670FE-ED54-416D-80CE-69D844FDB44B}.Debug|Any CPU.Build.0 = Debug|Any CPU
		{CE8670FE-ED54-416D-80CE-69D844FDB44B}.Release|Any CPU.ActiveCfg = Release|Any CPU
		{CE8670FE-ED54-416D-80CE-69D844FDB44B}.Release|Any CPU.Build.0 = Release|Any CPU
	EndGlobalSection
	GlobalSection(SolutionProperties) = preSolution
		HideSolutionNode = FALSE
	EndGlobalSection
	GlobalSection(ExtensibilityGlobals) = postSolution
		SolutionGuid = {FDA53713-8B37-4070-AD7D-CE1A8BB6B888}
	EndGlobalSection
EndGlobal
