
Microsoft Visual Studio Solution File, Format Version 12.00
# Visual Studio Version 16
VisualStudioVersion = 16.0.31205.134
MinimumVisualStudioVersion = 10.0.40219.1
Project("{FAE04EC0-301F-11D3-BF4B-00C04F79EFBC}") = "AppointmentScheduler", "AppointmentScheduler\AppointmentScheduler.csproj", "{CED09A9A-22CD-452B-B82F-1D25A489C8F3}"
EndProject
Global
	GlobalSection(SolutionConfigurationPlatforms) = preSolution
		Debug|Any CPU = Debug|Any CPU
		Release|Any CPU = Release|Any CPU
	EndGlobalSection
	GlobalSection(ProjectConfigurationPlatforms) = postSolution
		{CED09A9A-22CD-452B-B82F-1D25A489C8F3}.Debug|Any CPU.ActiveCfg = Debug|Any CPU
		{CED09A9A-22CD-452B-B82F-1D25A489C8F3}.Debug|Any CPU.Build.0 = Debug|Any CPU
		{CED09A9A-22CD-452B-B82F-1D25A489C8F3}.Release|Any CPU.ActiveCfg = Release|Any CPU
		{CED09A9A-22CD-452B-B82F-1D25A489C8F3}.Release|Any CPU.Build.0 = Release|Any CPU
	EndGlobalSection
	GlobalSection(SolutionProperties) = preSolution
		HideSolutionNode = FALSE
	EndGlobalSection
	GlobalSection(ExtensibilityGlobals) = postSolution
		SolutionGuid = {3307883A-521B-4229-B8B1-7BB566413D60}
	EndGlobalSection
EndGlobal
